# THIS IS AN AUTOGENERATED FILE. DO NOT EDIT THIS FILE DIRECTLY.
# yarn lockfile v1


"@types/lodash@^4.14.101":
  version "4.14.101"
  resolved "https://registry.yarnpkg.com/@types/lodash/-/lodash-4.14.101.tgz#512f6c9e1749890f4d024e98cb995a63f562d458"

hoist-non-react-statics@^2.3.1:
  version "2.3.1"
  resolved "https://registry.yarnpkg.com/hoist-non-react-statics/-/hoist-non-react-statics-2.3.1.tgz#343db84c6018c650778898240135a1420ee22ce0"

lodash@^4.17.5:
  version "4.17.5"
  resolved "https://registry.yarnpkg.com/lodash/-/lodash-4.17.5.tgz#99a92d65c0272debe8c96b6057bc8fbfa3bed511"

mobx-react@^4.4.1:
  version "4.4.1"
  resolved "https://registry.yarnpkg.com/mobx-react/-/mobx-react-4.4.1.tgz#7cc793b55bbb7485f1febd18c1913c581c124edc"
  dependencies:
    hoist-non-react-statics "^2.3.1"

mobx@^3.5.1:
  version "3.5.1"
  resolved "https://registry.yarnpkg.com/mobx/-/mobx-3.5.1.tgz#8e682ec535cf44e04005b9e37e2df66acc975a42"

typescript@^2.7.1:
  version "2.7.1"
  resolved "https://registry.yarnpkg.com/typescript/-/typescript-2.7.1.tgz#bb3682c2c791ac90e7c6210b26478a8da085c359"
